// !$*UTF8*$!
{
	archiveVersion = 1;
	classes = {
	};
	objectVersion = 46;
	objects = {

/* Begin PBXBuildFile section */
		725892FD1918E0F000E69171 /* Foundation.framework in Frameworks */ = {isa = PBXBuildFile; fileRef = 725892FC1918E0F000E69171 /* Foundation.framework */; };
		725892FF1918E0F000E69171 /* CoreGraphics.framework in Frameworks */ = {isa = PBXBuildFile; fileRef = 725892FE1918E0F000E69171 /* CoreGraphics.framework */; };
		725893011918E0F000E69171 /* UIKit.framework in Frameworks */ = {isa = PBXBuildFile; fileRef = 725893001918E0F000E69171 /* UIKit.framework */; };
		725893071918E0F000E69171 /* InfoPlist.strings in Resources */ = {isa = PBXBuildFile; fileRef = 725893051918E0F000E69171 /* InfoPlist.strings */; };
		725893091918E0F000E69171 /* main.m in Sources */ = {isa = PBXBuildFile; fileRef = 725893081918E0F000E69171 /* main.m */; };
		7258930D1918E0F000E69171 /* IPAppDelegate.m in Sources */ = {isa = PBXBuildFile; fileRef = 7258930C1918E0F000E69171 /* IPAppDelegate.m */; };
		725893101918E0F000E69171 /* Main.storyboard in Resources */ = {isa = PBXBuildFile; fileRef = 7258930E1918E0F000E69171 /* Main.storyboard */; };
		725893131918E0F000E69171 /* IPViewController.m in Sources */ = {isa = PBXBuildFile; fileRef = 725893121918E0F000E69171 /* IPViewController.m */; };
		725893151918E0F000E69171 /* Images.xcassets in Resources */ = {isa = PBXBuildFile; fileRef = 725893141918E0F000E69171 /* Images.xcassets */; };
		7258931C1918E0F000E69171 /* XCTest.framework in Frameworks */ = {isa = PBXBuildFile; fileRef = 7258931B1918E0F000E69171 /* XCTest.framework */; };
		7258931D1918E0F000E69171 /* Foundation.framework in Frameworks */ = {isa = PBXBuildFile; fileRef = 725892FC1918E0F000E69171 /* Foundation.framework */; };
		7258931E1918E0F000E69171 /* UIKit.framework in Frameworks */ = {isa = PBXBuildFile; fileRef = 725893001918E0F000E69171 /* UIKit.framework */; };
		725893261918E0F000E69171 /* InfoPlist.strings in Resources */ = {isa = PBXBuildFile; fileRef = 725893241918E0F000E69171 /* InfoPlist.strings */; };
		725893281918E0F000E69171 /* SnowFallDeMoTests.m in Sources */ = {isa = PBXBuildFile; fileRef = 725893271918E0F000E69171 /* SnowFallDeMoTests.m */; };
		725893331918E1B700E69171 /* snow.png in Resources */ = {isa = PBXBuildFile; fileRef = 725893321918E1B700E69171 /* snow.png */; };
/* End PBXBuildFile section */

/* Begin PBXContainerItemProxy section */
		7258931F1918E0F000E69171 /* PBXContainerItemProxy */ = {
			isa = PBXContainerItemProxy;
			containerPortal = 725892F11918E0F000E69171 /* Project object */;
			proxyType = 1;
			remoteGlobalIDString = 725892F81918E0F000E69171;
			remoteInfo = SnowFallDeMo;
		};
/* End PBXContainerItemProxy section */

/* Begin PBXFileReference section */
		725892F91918E0F000E69171 /* SnowFallDeMo.app */ = {isa = PBXFileReference; explicitFileType = wrapper.application; includeInIndex = 0; path = SnowFallDeMo.app; sourceTree = BUILT_PRODUCTS_DIR; };
		725892FC1918E0F000E69171 /* Foundation.framework */ = {isa = PBXFileReference; lastKnownFileType = wrapper.framework; name = Foundation.framework; path = System/Library/Frameworks/Foundation.framework; sourceTree = SDKROOT; };
		725892FE1918E0F000E69171 /* CoreGraphics.framework */ = {isa = PBXFileReference; lastKnownFileType = wrapper.framework; name = CoreGraphics.framework; path = System/Library/Frameworks/CoreGraphics.framework; sourceTree = SDKROOT; };
		725893001918E0F000E69171 /* UIKit.framework */ = {isa = PBXFileReference; lastKnownFileType = wrapper.framework; name = UIKit.framework; path = System/Library/Frameworks/UIKit.framework; sourceTree = SDKROOT; };
		725893041918E0F000E69171 /* SnowFallDeMo-Info.plist */ = {isa = PBXFileReference; lastKnownFileType = text.plist.xml; path = "SnowFallDeMo-Info.plist"; sourceTree = "<group>"; };
		725893061918E0F000E69171 /* en */ = {isa = PBXFileReference; lastKnownFileType = text.plist.strings; name = en; path = en.lproj/InfoPlist.strings; sourceTree = "<group>"; };
		725893081918E0F000E69171 /* main.m */ = {isa = PBXFileReference; lastKnownFileType = sourcecode.c.objc; path = main.m; sourceTree = "<group>"; };
		7258930A1918E0F000E69171 /* SnowFallDeMo-Prefix.pch */ = {isa = PBXFileReference; lastKnownFileType = sourcecode.c.h; path = "SnowFallDeMo-Prefix.pch"; sourceTree = "<group>"; };
		7258930B1918E0F000E69171 /* IPAppDelegate.h */ = {isa = PBXFileReference; lastKnownFileType = sourcecode.c.h; path = IPAppDelegate.h; sourceTree = "<group>"; };
		7258930C1918E0F000E69171 /* IPAppDelegate.m */ = {isa = PBXFileReference; lastKnownFileType = sourcecode.c.objc; path = IPAppDelegate.m; sourceTree = "<group>"; };
		7258930F1918E0F000E69171 /* Base */ = {isa = PBXFileReference; lastKnownFileType = file.storyboard; name = Base; path = Base.lproj/Main.storyboard; sourceTree = "<group>"; };
		725893111918E0F000E69171 /* IPViewController.h */ = {isa = PBXFileReference; lastKnownFileType = sourcecode.c.h; path = IPViewController.h; sourceTree = "<group>"; };
		725893121918E0F000E69171 /* IPViewController.m */ = {isa = PBXFileReference; lastKnownFileType = sourcecode.c.objc; path = IPViewController.m; sourceTree = "<group>"; };
		725893141918E0F000E69171 /* Images.xcassets */ = {isa = PBXFileReference; lastKnownFileType = folder.assetcatalog; path = Images.xcassets; sourceTree = "<group>"; };
		7258931A1918E0F000E69171 /* SnowFallDeMoTests.xctest */ = {isa = PBXFileReference; explicitFileType = wrapper.cfbundle; includeInIndex = 0; path = SnowFallDeMoTests.xctest; sourceTree = BUILT_PRODUCTS_DIR; };
		7258931B1918E0F000E69171 /* XCTest.framework */ = {isa = PBXFileReference; lastKnownFileType = wrapper.framework; name = XCTest.framework; path = Library/Frameworks/XCTest.framework; sourceTree = DEVELOPER_DIR; };
		725893231918E0F000E69171 /* SnowFallDeMoTests-Info.plist */ = {isa = PBXFileReference; lastKnownFileType = text.plist.xml; path = "SnowFallDeMoTests-Info.plist"; sourceTree = "<group>"; };
		725893251918E0F000E69171 /* en */ = {isa = PBXFileReference; lastKnownFileType = text.plist.strings; name = en; path = en.lproj/InfoPlist.strings; sourceTree = "<group>"; };
		725893271918E0F000E69171 /* SnowFallDeMoTests.m */ = {isa = PBXFileReference; lastKnownFileType = sourcecode.c.objc; path = SnowFallDeMoTests.m; sourceTree = "<group>"; };
		725893311918E18F00E69171 /* UConstants.h */ = {isa = PBXFileReference; lastKnownFileType = sourcecode.c.h; path = UConstants.h; sourceTree = "<group>"; };
		725893321918E1B700E69171 /* snow.png */ = {isa = PBXFileReference; lastKnownFileType = image.png; path = snow.png; sourceTree = "<group>"; };
		725893341918E3B900E69171 /* Message.h */ = {isa = PBXFileReference; lastKnownFileType = sourcecode.c.h; path = Message.h; sourceTree = "<group>"; };
/* End PBXFileReference section */

/* Begin PBXFrameworksBuildPhase section */
		725892F61918E0F000E69171 /* Frameworks */ = {
			isa = PBXFrameworksBuildPhase;
			buildActionMask = 2147483647;
			files = (
				725892FF1918E0F000E69171 /* CoreGraphics.framework in Frameworks */,
				725893011918E0F000E69171 /* UIKit.framework in Frameworks */,
				725892FD1918E0F000E69171 /* Foundation.framework in Frameworks */,
			);
			runOnlyForDeploymentPostprocessing = 0;
		};
		725893171918E0F000E69171 /* Frameworks */ = {
			isa = PBXFrameworksBuildPhase;
			buildActionMask = 2147483647;
			files = (
				7258931C1918E0F000E69171 /* XCTest.framework in Frameworks */,
				7258931E1918E0F000E69171 /* UIKit.framework in Frameworks */,
				7258931D1918E0F000E69171 /* Foundation.framework in Frameworks */,
			);
			runOnlyForDeploymentPostprocessing = 0;
		};
/* End PBXFrameworksBuildPhase section */

/* Begin PBXGroup section */
		725892F01918E0F000E69171 = {
			isa = PBXGroup;
			children = (
				725893021918E0F000E69171 /* SnowFallDeMo */,
				725893211918E0F000E69171 /* SnowFallDeMoTests */,
				725892FB1918E0F000E69171 /* Frameworks */,
				725892FA1918E0F000E69171 /* Products */,
			);
			sourceTree = "<group>";
		};
		725892FA1918E0F000E69171 /* Products */ = {
			isa = PBXGroup;
			children = (
				725892F91918E0F000E69171 /* SnowFallDeMo.app */,
				7258931A1918E0F000E69171 /* SnowFallDeMoTests.xctest */,
			);
			name = Products;
			sourceTree = "<group>";
		};
		725892FB1918E0F000E69171 /* Frameworks */ = {
			isa = PBXGroup;
			children = (
				725892FC1918E0F000E69171 /* Foundation.framework */,
				725892FE1918E0F000E69171 /* CoreGraphics.framework */,
				725893001918E0F000E69171 /* UIKit.framework */,
				7258931B1918E0F000E69171 /* XCTest.framework */,
			);
			name = Frameworks;
			sourceTree = "<group>";
		};
		725893021918E0F000E69171 /* SnowFallDeMo */ = {
			isa = PBXGroup;
			children = (
				725893341918E3B900E69171 /* Message.h */,
				725893311918E18F00E69171 /* UConstants.h */,
				7258930B1918E0F000E69171 /* IPAppDelegate.h */,
				7258930C1918E0F000E69171 /* IPAppDelegate.m */,
				7258930E1918E0F000E69171 /* Main.storyboard */,
				725893321918E1B700E69171 /* snow.png */,
				725893111918E0F000E69171 /* IPViewController.h */,
				725893121918E0F000E69171 /* IPViewController.m */,
				725893141918E0F000E69171 /* Images.xcassets */,
				725893031918E0F000E69171 /* Supporting Files */,
			);
			path = SnowFallDeMo;
			sourceTree = "<group>";
		};
		725893031918E0F000E69171 /* Supporting Files */ = {
			isa = PBXGroup;
			children = (
				725893041918E0F000E69171 /* SnowFallDeMo-Info.plist */,
				725893051918E0F000E69171 /* InfoPlist.strings */,
				725893081918E0F000E69171 /* main.m */,
				7258930A1918E0F000E69171 /* SnowFallDeMo-Prefix.pch */,
			);
			name = "Supporting Files";
			sourceTree = "<group>";
		};
		725893211918E0F000E69171 /* SnowFallDeMoTests */ = {
			isa = PBXGroup;
			children = (
				725893271918E0F000E69171 /* SnowFallDeMoTests.m */,
				725893221918E0F000E69171 /* Supporting Files */,
			);
			path = SnowFallDeMoTests;
			sourceTree = "<group>";
		};
		725893221918E0F000E69171 /* Supporting Files */ = {
			isa = PBXGroup;
			children = (
				725893231918E0F000E69171 /* SnowFallDeMoTests-Info.plist */,
				725893241918E0F000E69171 /* InfoPlist.strings */,
			);
			name = "Supporting Files";
			sourceTree = "<group>";
		};
/* End PBXGroup section */

/* Begin PBXNativeTarget section */
		725892F81918E0F000E69171 /* SnowFallDeMo */ = {
			isa = PBXNativeTarget;
			buildConfigurationList = 7258932B1918E0F000E69171 /* Build configuration list for PBXNativeTarget "SnowFallDeMo" */;
			buildPhases = (
				725892F51918E0F000E69171 /* Sources */,
				725892F61918E0F000E69171 /* Frameworks */,
				725892F71918E0F000E69171 /* Resources */,
			);
			buildRules = (
			);
			dependencies = (
			);
			name = SnowFallDeMo;
			productName = SnowFallDeMo;
			productReference = 725892F91918E0F000E69171 /* SnowFallDeMo.app */;
			productType = "com.apple.product-type.application";
		};
		725893191918E0F000E69171 /* SnowFallDeMoTests */ = {
			isa = PBXNativeTarget;
			buildConfigurationList = 7258932E1918E0F000E69171 /* Build configuration list for PBXNativeTarget "SnowFallDeMoTests" */;
			buildPhases = (
				725893161918E0F000E69171 /* Sources */,
				725893171918E0F000E69171 /* Frameworks */,
				725893181918E0F000E69171 /* Resources */,
			);
			buildRules = (
			);
			dependencies = (
				725893201918E0F000E69171 /* PBXTargetDependency */,
			);
			name = SnowFallDeMoTests;
			productName = SnowFallDeMoTests;
			productReference = 7258931A1918E0F000E69171 /* SnowFallDeMoTests.xctest */;
			productType = "com.apple.product-type.bundle.unit-test";
		};
/* End PBXNativeTarget section */

/* Begin PBXProject section */
		725892F11918E0F000E69171 /* Project object */ = {
			isa = PBXProject;
			attributes = {
				CLASSPREFIX = IP;
				LastUpgradeCheck = 0500;
				ORGANIZATIONNAME = ilesh;
				TargetAttributes = {
					725893191918E0F000E69171 = {
						TestTargetID = 725892F81918E0F000E69171;
					};
				};
			};
			buildConfigurationList = 725892F41918E0F000E69171 /* Build configuration list for PBXProject "SnowFallDeMo" */;
			compatibilityVersion = "Xcode 3.2";
			developmentRegion = English;
			hasScannedForEncodings = 0;
			knownRegions = (
				en,
				Base,
			);
			mainGroup = 725892F01918E0F000E69171;
			productRefGroup = 725892FA1918E0F000E69171 /* Products */;
			projectDirPath = "";
			projectRoot = "";
			targets = (
				725892F81918E0F000E69171 /* SnowFallDeMo */,
				725893191918E0F000E69171 /* SnowFallDeMoTests */,
			);
		};
/* End PBXProject section */

/* Begin PBXResourcesBuildPhase section */
		725892F71918E0F000E69171 /* Resources */ = {
			isa = PBXResourcesBuildPhase;
			buildActionMask = 2147483647;
			files = (
				725893151918E0F000E69171 /* Images.xcassets in Resources */,
				725893071918E0F000E69171 /* InfoPlist.strings in Resources */,
				725893331918E1B700E69171 /* snow.png in Resources */,
				725893101918E0F000E69171 /* Main.storyboard in Resources */,
			);
			runOnlyForDeploymentPostprocessing = 0;
		};
		725893181918E0F000E69171 /* Resources */ = {
			isa = PBXResourcesBuildPhase;
			buildActionMask = 2147483647;
			files = (
				725893261918E0F000E69171 /* InfoPlist.strings in Resources */,
			);
			runOnlyForDeploymentPostprocessing = 0;
		};
/* End PBXResourcesBuildPhase section */

/* Begin PBXSourcesBuildPhase section */
		725892F51918E0F000E69171 /* Sources */ = {
			isa = PBXSourcesBuildPhase;
			buildActionMask = 2147483647;
			files = (
				725893091918E0F000E69171 /* main.m in Sources */,
				7258930D1918E0F000E69171 /* IPAppDelegate.m in Sources */,
				725893131918E0F000E69171 /* IPViewController.m in Sources */,
			);
			runOnlyForDeploymentPostprocessing = 0;
		};
		725893161918E0F000E69171 /* Sources */ = {
			isa = PBXSourcesBuildPhase;
			buildActionMask = 2147483647;
			files = (
				725893281918E0F000E69171 /* SnowFallDeMoTests.m in Sources */,
			);
			runOnlyForDeploymentPostprocessing = 0;
		};
/* End PBXSourcesBuildPhase section */

/* Begin PBXTargetDependency section */
		725893201918E0F000E69171 /* PBXTargetDependency */ = {
			isa = PBXTargetDependency;
			target = 725892F81918E0F000E69171 /* SnowFallDeMo */;
			targetProxy = 7258931F1918E0F000E69171 /* PBXContainerItemProxy */;
		};
/* End PBXTargetDependency section */

/* Begin PBXVariantGroup section */
		725893051918E0F000E69171 /* InfoPlist.strings */ = {
			isa = PBXVariantGroup;
			children = (
				725893061918E0F000E69171 /* en */,
			);
			name = InfoPlist.strings;
			sourceTree = "<group>";
		};
		7258930E1918E0F000E69171 /* Main.storyboard */ = {
			isa = PBXVariantGroup;
			children = (
				7258930F1918E0F000E69171 /* Base */,
			);
			name = Main.storyboard;
			sourceTree = "<group>";
		};
		725893241918E0F000E69171 /* InfoPlist.strings */ = {
			isa = PBXVariantGroup;
			children = (
				725893251918E0F000E69171 /* en */,
			);
			name = InfoPlist.strings;
			sourceTree = "<group>";
		};
/* End PBXVariantGroup section */

/* Begin XCBuildConfiguration section */
		725893291918E0F000E69171 /* Debug */ = {
			isa = XCBuildConfiguration;
			buildSettings = {
				ALWAYS_SEARCH_USER_PATHS = NO;
				ARCHS = "$(ARCHS_STANDARD_INCLUDING_64_BIT)";
				CLANG_CXX_LANGUAGE_STANDARD = "gnu++0x";
				CLANG_CXX_LIBRARY = "libc++";
				CLANG_ENABLE_MODULES = YES;
				CLANG_ENABLE_OBJC_ARC = YES;
				CLANG_WARN_BOOL_CONVERSION = YES;
				CLANG_WARN_CONSTANT_CONVERSION = YES;
				CLANG_WARN_DIRECT_OBJC_ISA_USAGE = YES_ERROR;
				CLANG_WARN_EMPTY_BODY = YES;
				CLANG_WARN_ENUM_CONVERSION = YES;
				CLANG_WARN_INT_CONVERSION = YES;
				CLANG_WARN_OBJC_ROOT_CLASS = YES_ERROR;
				CLANG_WARN__DUPLICATE_METHOD_MATCH = YES;
				"CODE_SIGN_IDENTITY[sdk=iphoneos*]" = "iPhone Developer";
				COPY_PHASE_STRIP = NO;
				GCC_C_LANGUAGE_STANDARD = gnu99;
				GCC_DYNAMIC_NO_PIC = NO;
				GCC_OPTIMIZATION_LEVEL = 0;
				GCC_PREPROCESSOR_DEFINITIONS = (
					"DEBUG=1",
					"$(inherited)",
				);
				GCC_SYMBOLS_PRIVATE_EXTERN = NO;
				GCC_WARN_64_TO_32_BIT_CONVERSION = YES;
				GCC_WARN_ABOUT_RETURN_TYPE = YES_ERROR;
				GCC_WARN_UNDECLARED_SELECTOR = YES;
				GCC_WARN_UNINITIALIZED_AUTOS = YES;
				GCC_WARN_UNUSED_FUNCTION = YES;
				GCC_WARN_UNUSED_VARIABLE = YES;
				IPHONEOS_DEPLOYMENT_TARGET = 7.0;
				ONLY_ACTIVE_ARCH = YES;
				SDKROOT = iphoneos;
			};
			name = Debug;
		};
		7258932A1918E0F000E69171 /* Release */ = {
			isa = XCBuildConfiguration;
			buildSettings = {
				ALWAYS_SEARCH_USER_PATHS = NO;
				ARCHS = "$(ARCHS_STANDARD_INCLUDING_64_BIT)";
				CLANG_CXX_LANGUAGE_STANDARD = "gnu++0x";
				CLANG_CXX_LIBRARY = "libc++";
				CLANG_ENABLE_MODULES = YES;
				CLANG_ENABLE_OBJC_ARC = YES;
				CLANG_WARN_BOOL_CONVERSION = YES;
				CLANG_WARN_CONSTANT_CONVERSION = YES;
				CLANG_WARN_DIRECT_OBJC_ISA_USAGE = YES_ERROR;
				CLANG_WARN_EMPTY_BODY = YES;
				CLANG_WARN_ENUM_CONVERSION = YES;
				CLANG_WARN_INT_CONVERSION = YES;
				CLANG_WARN_OBJC_ROOT_CLASS = YES_ERROR;
				CLANG_WARN__DUPLICATE_METHOD_MATCH = YES;
				"CODE_SIGN_IDENTITY[sdk=iphoneos*]" = "iPhone Developer";
				COPY_PHASE_STRIP = YES;
				ENABLE_NS_ASSERTIONS = NO;
				GCC_C_LANGUAGE_STANDARD = gnu99;
				GCC_WARN_64_TO_32_BIT_CONVERSION = YES;
				GCC_WARN_ABOUT_RETURN_TYPE = YES_ERROR;
				GCC_WARN_UNDECLARED_SELECTOR = YES;
				GCC_WARN_UNINITIALIZED_AUTOS = YES;
				GCC_WARN_UNUSED_FUNCTION = YES;
				GCC_WARN_UNUSED_VARIABLE = YES;
				IPHONEOS_DEPLOYMENT_TARGET = 7.0;
				SDKROOT = iphoneos;
				VALIDATE_PRODUCT = YES;
			};
			name = Release;
		};
		7258932C1918E0F000E69171 /* Debug */ = {
			isa = XCBuildConfiguration;
			buildSettings = {
				ASSETCATALOG_COMPILER_APPICON_NAME = AppIcon;
				ASSETCATALOG_COMPILER_LAUNCHIMAGE_NAME = LaunchImage;
				GCC_PRECOMPILE_PREFIX_HEADER = YES;
				GCC_PREFIX_HEADER = "SnowFallDeMo/SnowFallDeMo-Prefix.pch";
				INFOPLIST_FILE = "SnowFallDeMo/SnowFallDeMo-Info.plist";
				PRODUCT_NAME = "$(TARGET_NAME)";
				WRAPPER_EXTENSION = app;
			};
			name = Debug;
		};
		7258932D1918E0F000E69171 /* Release */ = {
			isa = XCBuildConfiguration;
			buildSettings = {
				ASSETCATALOG_COMPILER_APPICON_NAME = AppIcon;
				ASSETCATALOG_COMPILER_LAUNCHIMAGE_NAME = LaunchImage;
				GCC_PRECOMPILE_PREFIX_HEADER = YES;
				GCC_PREFIX_HEADER = "SnowFallDeMo/SnowFallDeMo-Prefix.pch";
				INFOPLIST_FILE = "SnowFallDeMo/SnowFallDeMo-Info.plist";
				PRODUCT_NAME = "$(TARGET_NAME)";
				WRAPPER_EXTENSION = app;
			};
			name = Release;
		};
		7258932F1918E0F000E69171 /* Debug */ = {
			isa = XCBuildConfiguration;
			buildSettings = {
				ARCHS = "$(ARCHS_STANDARD_INCLUDING_64_BIT)";
				BUNDLE_LOADER = "$(BUILT_PRODUCTS_DIR)/SnowFallDeMo.app/SnowFallDeMo";
				FRAMEWORK_SEARCH_PATHS = (
					"$(SDKROOT)/Developer/Library/Frameworks",
					"$(inherited)",
					"$(DEVELOPER_FRAMEWORKS_DIR)",
				);
				GCC_PRECOMPILE_PREFIX_HEADER = YES;
				GCC_PREFIX_HEADER = "SnowFallDeMo/SnowFallDeMo-Prefix.pch";
				GCC_PREPROCESSOR_DEFINITIONS = (
					"DEBUG=1",
					"$(inherited)",
				);
				INFOPLIST_FILE = "SnowFallDeMoTests/SnowFallDeMoTests-Info.plist";
				PRODUCT_NAME = "$(TARGET_NAME)";
				TEST_HOST = "$(BUNDLE_LOADER)";
				WRAPPER_EXTENSION = xctest;
			};
			name = Debug;
		};
		725893301918E0F000E69171 /* Release */ = {
			isa = XCBuildConfiguration;
			buildSettings = {
				ARCHS = "$(ARCHS_STANDARD_INCLUDING_64_BIT)";
				BUNDLE_LOADER = "$(BUILT_PRODUCTS_DIR)/SnowFallDeMo.app/SnowFallDeMo";
				FRAMEWORK_SEARCH_PATHS = (
					"$(SDKROOT)/Developer/Library/Frameworks",
					"$(inherited)",
					"$(DEVELOPER_FRAMEWORKS_DIR)",
				);
				GCC_PRECOMPILE_PREFIX_HEADER = YES;
				GCC_PREFIX_HEADER = "SnowFallDeMo/SnowFallDeMo-Prefix.pch";
				INFOPLIST_FILE = "SnowFallDeMoTests/SnowFallDeMoTests-Info.plist";
				PRODUCT_NAME = "$(TARGET_NAME)";
				TEST_HOST = "$(BUNDLE_LOADER)";
				WRAPPER_EXTENSION = xctest;
			};
			name = Release;
		};
/* End XCBuildConfiguration section */

/* Begin XCConfigurationList section */
		725892F41918E0F000E69171 /* Build configuration list for PBXProject "SnowFallDeMo" */ = {
			isa = XCConfigurationList;
			buildConfigurations = (
				725893291918E0F000E69171 /* Debug */,
				7258932A1918E0F000E69171 /* Release */,
			);
			defaultConfigurationIsVisible = 0;
			defaultConfigurationName = Release;
		};
		7258932B1918E0F000E69171 /* Build configuration list for PBXNativeTarget "SnowFallDeMo" */ = {
			isa = XCConfigurationList;
			buildConfigurations = (
				7258932C1918E0F000E69171 /* Debug */,
				7258932D1918E0F000E69171 /* Release */,
			);
			defaultConfigurationIsVisible = 0;
		};
		7258932E1918E0F000E69171 /* Build configuration list for PBXNativeTarget "SnowFallDeMoTests" */ = {
			isa = XCConfigurationList;
			buildConfigurations = (
				7258932F1918E0F000E69171 /* Debug */,
				725893301918E0F000E69171 /* Release */,
			);
			defaultConfigurationIsVisible = 0;
		};
/* End XCConfigurationList section */
	};
	rootObject = 725892F11918E0F000E69171 /* Project object */;
}
